
Microsoft Visual Studio Solution File, Format Version 12.00
# Visual Studio Version 17
VisualStudioVersion = 17.7.34031.279
MinimumVisualStudioVersion = 10.0.40219.1
Project("{FAE04EC0-301F-11D3-BF4B-00C04F79EFBC}") = "cdmdotnet.Logging", "cdmdotnet.Logging\cdmdotnet.Logging.csproj", "{43A451BF-4C29-424C-B480-309595D103E5}"
EndProject
Project("{2150E333-8FDC-42A3-9474-1A3956D46DE8}") = ".nuget", ".nuget", "{D883C0DA-45D0-4E48-BEC5-F921513444BB}"
	ProjectSection(SolutionItems) = preProject
		.nuget\NuGet.Config = .nuget\NuGet.Config
		.nuget\NuGet.exe = .nuget\NuGet.exe
		.nuget\NuGet.targets = .nuget\NuGet.targets
	EndProjectSection
EndProject
Project("{FAE04EC0-301F-11D3-BF4B-00C04F79EFBC}") = "cdmdotnet.Logging.Azure", "cdmdotnet.Logging.Azure\cdmdotnet.Logging.Azure.csproj", "{67FCA38A-1B9C-41D4-A8F5-74791D99DBC1}"
EndProject
Project("{2150E333-8FDC-42A3-9474-1A3956D46DE8}") = "Packaging", "Packaging", "{A6D9CE89-6754-427D-A6B8-425B2B023294}"
	ProjectSection(SolutionItems) = preProject
		.github\workflows\dotnetcore.yml = .github\workflows\dotnetcore.yml
		.github\workflows\publish.yml = .github\workflows\publish.yml
	EndProjectSection
EndProject
Project("{2150E333-8FDC-42A3-9474-1A3956D46DE8}") = "Logging", "Logging", "{AA4F08FD-0276-4BC4-93B8-396813A09BD7}"
	ProjectSection(SolutionItems) = preProject
		packaging\Logging\app.config.install.xdt = packaging\Logging\app.config.install.xdt
		packaging\Logging\app.config.uninstall.xdt = packaging\Logging\app.config.uninstall.xdt
		packaging\Logging\web.config.install.xdt = packaging\Logging\web.config.install.xdt
		packaging\Logging\web.config.uninstall.xdt = packaging\Logging\web.config.uninstall.xdt
	EndProjectSection
EndProject
Project("{2150E333-8FDC-42A3-9474-1A3956D46DE8}") = "Sql", "Sql", "{751072FE-2FD4-468C-A2A4-373940E58491}"
	ProjectSection(SolutionItems) = preProject
		packaging\Sql\app.config.install.xdt = packaging\Sql\app.config.install.xdt
		packaging\Sql\app.config.uninstall.xdt = packaging\Sql\app.config.uninstall.xdt
		packaging\Sql\web.config.install.xdt = packaging\Sql\web.config.install.xdt
		packaging\Sql\web.config.uninstall.xdt = packaging\Sql\web.config.uninstall.xdt
	EndProjectSection
EndProject
Project("{FAE04EC0-301F-11D3-BF4B-00C04F79EFBC}") = "cdmdotnet.Logging.Serilog", "cdmdotnet.Logging.Serilog\cdmdotnet.Logging.Serilog.csproj", "{127883BC-3272-4964-B40A-CED8DF0D37B1}"
EndProject
Project("{FAE04EC0-301F-11D3-BF4B-00C04F79EFBC}") = "cdmdotnet.Logging.Azure.ApplicationInsights", "cdmdotnet.Logging.Azure.ApplicationInsights\cdmdotnet.Logging.Azure.ApplicationInsights.csproj", "{8472B5F5-221A-4573-AA29-65DC8D1488CB}"
EndProject
Project("{9A19103F-16F7-4668-BE54-9A1E7A4F7556}") = "Chinchilla.Logging", "Chinchilla.Logging\Chinchilla.Logging.csproj", "{93DAB5AE-F5D9-4972-B7AD-8AF23132AB59}"
EndProject
Project("{9A19103F-16F7-4668-BE54-9A1E7A4F7556}") = "Chinchilla.Logging.Azure", "Chinchilla.Logging.Azure\Chinchilla.Logging.Azure.csproj", "{FD8496A0-41F7-4A0B-8D31-B417D8D0A79F}"
EndProject
Project("{9A19103F-16F7-4668-BE54-9A1E7A4F7556}") = "Chinchilla.Logging.Azure.ApplicationInsights", "Chinchilla.Logging.Azure.ApplicationInsights\Chinchilla.Logging.Azure.ApplicationInsights.csproj", "{26F36A94-7646-46B9-85AC-788BBABDF2DC}"
EndProject
Project("{9A19103F-16F7-4668-BE54-9A1E7A4F7556}") = "Chinchilla.Logging.Serilog", "Chinchilla.Logging.Serilog\Chinchilla.Logging.Serilog.csproj", "{0BE98865-12E5-4624-9F4F-9F24BEE3C708}"
EndProject
Project("{9A19103F-16F7-4668-BE54-9A1E7A4F7556}") = "Chinchilla.Logging.Azure.Storage", "Chinchilla.Logging.Azure.Storage\Chinchilla.Logging.Azure.Storage.csproj", "{61D98D10-7FD9-409A-8E6D-4B0603219E60}"
EndProject
Project("{9A19103F-16F7-4668-BE54-9A1E7A4F7556}") = "Chinchilla.Logging.Tests.Integration", "Chinchilla.Logging.Tests.Integration\Chinchilla.Logging.Tests.Integration.csproj", "{5AA3F580-DE0B-4AF6-B65C-D327B379F7C5}"
EndProject
Project("{2150E333-8FDC-42A3-9474-1A3956D46DE8}") = "Legacy", "Legacy", "{5459B2B6-6EC1-421B-9EC0-093FD219C79D}"
EndProject
Project("{2150E333-8FDC-42A3-9474-1A3956D46DE8}") = ".github", ".github", "{9484AB68-82F8-47CE-BFEF-6BF56801F9C3}"
	ProjectSection(SolutionItems) = preProject
		.github\workflows\dotnetcore.yml = .github\workflows\dotnetcore.yml
		.github\workflows\publish.yml = .github\workflows\publish.yml
	EndProjectSection
EndProject
Global
	GlobalSection(SolutionConfigurationPlatforms) = preSolution
		Debug|Any CPU = Debug|Any CPU
		Release|Any CPU = Release|Any CPU
	EndGlobalSection
	GlobalSection(ProjectConfigurationPlatforms) = postSolution
		{43A451BF-4C29-424C-B480-309595D103E5}.Debug|Any CPU.ActiveCfg = Debug|Any CPU
		{43A451BF-4C29-424C-B480-309595D103E5}.Debug|Any CPU.Build.0 = Debug|Any CPU
		{43A451BF-4C29-424C-B480-309595D103E5}.Release|Any CPU.ActiveCfg = Release|Any CPU
		{43A451BF-4C29-424C-B480-309595D103E5}.Release|Any CPU.Build.0 = Release|Any CPU
		{67FCA38A-1B9C-41D4-A8F5-74791D99DBC1}.Debug|Any CPU.ActiveCfg = Debug|Any CPU
		{67FCA38A-1B9C-41D4-A8F5-74791D99DBC1}.Debug|Any CPU.Build.0 = Debug|Any CPU
		{67FCA38A-1B9C-41D4-A8F5-74791D99DBC1}.Release|Any CPU.ActiveCfg = Release|Any CPU
		{67FCA38A-1B9C-41D4-A8F5-74791D99DBC1}.Release|Any CPU.Build.0 = Release|Any CPU
		{127883BC-3272-4964-B40A-CED8DF0D37B1}.Debug|Any CPU.ActiveCfg = Debug|Any CPU
		{127883BC-3272-4964-B40A-CED8DF0D37B1}.Debug|Any CPU.Build.0 = Debug|Any CPU
		{127883BC-3272-4964-B40A-CED8DF0D37B1}.Release|Any CPU.ActiveCfg = Release|Any CPU
		{127883BC-3272-4964-B40A-CED8DF0D37B1}.Release|Any CPU.Build.0 = Release|Any CPU
		{8472B5F5-221A-4573-AA29-65DC8D1488CB}.Debug|Any CPU.ActiveCfg = Debug|Any CPU
		{8472B5F5-221A-4573-AA29-65DC8D1488CB}.Debug|Any CPU.Build.0 = Debug|Any CPU
		{8472B5F5-221A-4573-AA29-65DC8D1488CB}.Release|Any CPU.ActiveCfg = Release|Any CPU
		{8472B5F5-221A-4573-AA29-65DC8D1488CB}.Release|Any CPU.Build.0 = Release|Any CPU
		{93DAB5AE-F5D9-4972-B7AD-8AF23132AB59}.Debug|Any CPU.ActiveCfg = Debug|Any CPU
		{93DAB5AE-F5D9-4972-B7AD-8AF23132AB59}.Debug|Any CPU.Build.0 = Debug|Any CPU
		{93DAB5AE-F5D9-4972-B7AD-8AF23132AB59}.Release|Any CPU.ActiveCfg = Release|Any CPU
		{93DAB5AE-F5D9-4972-B7AD-8AF23132AB59}.Release|Any CPU.Build.0 = Release|Any CPU
		{FD8496A0-41F7-4A0B-8D31-B417D8D0A79F}.Debug|Any CPU.ActiveCfg = Debug|Any CPU
		{FD8496A0-41F7-4A0B-8D31-B417D8D0A79F}.Debug|Any CPU.Build.0 = Debug|Any CPU
		{FD8496A0-41F7-4A0B-8D31-B417D8D0A79F}.Release|Any CPU.ActiveCfg = Release|Any CPU
		{FD8496A0-41F7-4A0B-8D31-B417D8D0A79F}.Release|Any CPU.Build.0 = Release|Any CPU
		{26F36A94-7646-46B9-85AC-788BBABDF2DC}.Debug|Any CPU.ActiveCfg = Debug|Any CPU
		{26F36A94-7646-46B9-85AC-788BBABDF2DC}.Debug|Any CPU.Build.0 = Debug|Any CPU
		{26F36A94-7646-46B9-85AC-788BBABDF2DC}.Release|Any CPU.ActiveCfg = Release|Any CPU
		{26F36A94-7646-46B9-85AC-788BBABDF2DC}.Release|Any CPU.Build.0 = Release|Any CPU
		{0BE98865-12E5-4624-9F4F-9F24BEE3C708}.Debug|Any CPU.ActiveCfg = Debug|Any CPU
		{0BE98865-12E5-4624-9F4F-9F24BEE3C708}.Debug|Any CPU.Build.0 = Debug|Any CPU
		{0BE98865-12E5-4624-9F4F-9F24BEE3C708}.Release|Any CPU.ActiveCfg = Release|Any CPU
		{0BE98865-12E5-4624-9F4F-9F24BEE3C708}.Release|Any CPU.Build.0 = Release|Any CPU
		{61D98D10-7FD9-409A-8E6D-4B0603219E60}.Debug|Any CPU.ActiveCfg = Debug|Any CPU
		{61D98D10-7FD9-409A-8E6D-4B0603219E60}.Debug|Any CPU.Build.0 = Debug|Any CPU
		{61D98D10-7FD9-409A-8E6D-4B0603219E60}.Release|Any CPU.ActiveCfg = Release|Any CPU
		{61D98D10-7FD9-409A-8E6D-4B0603219E60}.Release|Any CPU.Build.0 = Release|Any CPU
		{5AA3F580-DE0B-4AF6-B65C-D327B379F7C5}.Debug|Any CPU.ActiveCfg = Debug|Any CPU
		{5AA3F580-DE0B-4AF6-B65C-D327B379F7C5}.Debug|Any CPU.Build.0 = Debug|Any CPU
		{5AA3F580-DE0B-4AF6-B65C-D327B379F7C5}.Release|Any CPU.ActiveCfg = Release|Any CPU
		{5AA3F580-DE0B-4AF6-B65C-D327B379F7C5}.Release|Any CPU.Build.0 = Release|Any CPU
	EndGlobalSection
	GlobalSection(SolutionProperties) = preSolution
		HideSolutionNode = FALSE
	EndGlobalSection
	GlobalSection(NestedProjects) = preSolution
		{43A451BF-4C29-424C-B480-309595D103E5} = {5459B2B6-6EC1-421B-9EC0-093FD219C79D}
		{67FCA38A-1B9C-41D4-A8F5-74791D99DBC1} = {5459B2B6-6EC1-421B-9EC0-093FD219C79D}
		{AA4F08FD-0276-4BC4-93B8-396813A09BD7} = {A6D9CE89-6754-427D-A6B8-425B2B023294}
		{751072FE-2FD4-468C-A2A4-373940E58491} = {A6D9CE89-6754-427D-A6B8-425B2B023294}
		{127883BC-3272-4964-B40A-CED8DF0D37B1} = {5459B2B6-6EC1-421B-9EC0-093FD219C79D}
		{8472B5F5-221A-4573-AA29-65DC8D1488CB} = {5459B2B6-6EC1-421B-9EC0-093FD219C79D}
	EndGlobalSection
	GlobalSection(ExtensibilityGlobals) = postSolution
		SolutionGuid = {214FDFF6-6558-4F81-ACF4-B1C202CF7D24}
	EndGlobalSection
EndGlobal
